
Microsoft Visual Studio Solution File, Format Version 12.00
# Visual Studio 2013
VisualStudioVersion = 12.0.31101.0
MinimumVisualStudioVersion = 10.0.40219.1
Project("{FAE04EC0-301F-11D3-BF4B-00C04F79EFBC}") = "Agile.Whcms", "Agile.Whcms\Agile.Whcms.csproj", "{28AE125A-9E99-4469-9DE2-1CD333B8863C}"
EndProject
Project("{FAE04EC0-301F-11D3-BF4B-00C04F79EFBC}") = "Agile.Whcms.Tests", "Agile.Whcms.Tests\Agile.Whcms.Tests.csproj", "{A20871AB-1A11-467F-AD1E-3A8526854140}"
EndProject
Global
	GlobalSection(SolutionConfigurationPlatforms) = preSolution
		Debug|Any CPU = Debug|Any CPU
		Release|Any CPU = Release|Any CPU
	EndGlobalSection
	GlobalSection(ProjectConfigurationPlatforms) = postSolution
		{28AE125A-9E99-4469-9DE2-1CD333B8863C}.Debug|Any CPU.ActiveCfg = Debug|Any CPU
		{28AE125A-9E99-4469-9DE2-1CD333B8863C}.Debug|Any CPU.Build.0 = Debug|Any CPU
		{28AE125A-9E99-4469-9DE2-1CD333B8863C}.Release|Any CPU.ActiveCfg = Release|Any CPU
		{28AE125A-9E99-4469-9DE2-1CD333B8863C}.Release|Any CPU.Build.0 = Release|Any CPU
		{A20871AB-1A11-467F-AD1E-3A8526854140}.Debug|Any CPU.ActiveCfg = Debug|Any CPU
		{A20871AB-1A11-467F-AD1E-3A8526854140}.Debug|Any CPU.Build.0 = Debug|Any CPU
		{A20871AB-1A11-467F-AD1E-3A8526854140}.Release|Any CPU.ActiveCfg = Release|Any CPU
		{A20871AB-1A11-467F-AD1E-3A8526854140}.Release|Any CPU.Build.0 = Release|Any CPU
	EndGlobalSection
	GlobalSection(SolutionProperties) = preSolution
		HideSolutionNode = FALSE
	EndGlobalSection
EndGlobal
